{
  "nodes": {
    "nixpkgs": {
      "locked": {
        "lastModified": 1715650399,
        "narHash": "sha256-tYp/kFkqQUIKzAglLoLTdZYztHmB1Iik+bl5BX7jcyo=",
        "owner": "NixOS",
        "repo": "nixpkgs",
        "rev": "ca1fae03eb5facbed702bd7df52d0a8c60cfee56",
        "type": "github"
      },
      "original": {
        "owner": "NixOS",
        "repo": "nixpkgs",
        "type": "github"
      }
    },
    "root": {
      "inputs": {
        "nixpkgs": "nixpkgs"
      }
    }
  },
  "root": "root",
  "version": 7
}
